// !$*UTF8*$!
{
	archiveVersion = 1;
	classes = {
	};
	objectVersion = 46;
	objects = {

/* Begin PBXBuildFile section */
		E661FA0F1B2A92FB00ACD712 /* Default-568h@2x.png in Resources */ = {isa = PBXBuildFile; fileRef = E661FA0C1B2A92FB00ACD712 /* Default-568h@2x.png */; };
		E661FA101B2A92FB00ACD712 /* Default.png in Resources */ = {isa = PBXBuildFile; fileRef = E661FA0D1B2A92FB00ACD712 /* Default.png */; };
		E661FA111B2A92FB00ACD712 /* Default@2x.png in Resources */ = {isa = PBXBuildFile; fileRef = E661FA0E1B2A92FB00ACD712 /* Default@2x.png */; };
		E68D6B541B24733000181BF8 /* Images.xcassets in Resources */ = {isa = PBXBuildFile; fileRef = E68D6B531B24733000181BF8 /* Images.xcassets */; };
		E68D6B571B24733000181BF8 /* LaunchScreen.xib in Resources */ = {isa = PBXBuildFile; fileRef = E68D6B551B24733000181BF8 /* LaunchScreen.xib */; };
		E68D6B631B24733000181BF8 /* VenanaTests.m in Sources */ = {isa = PBXBuildFile; fileRef = E68D6B621B24733000181BF8 /* VenanaTests.m */; };
		E68D6B7D1B24737000181BF8 /* HomeViewController.m in Sources */ = {isa = PBXBuildFile; fileRef = E68D6B701B24737000181BF8 /* HomeViewController.m */; };
		E68D6B7E1B24737000181BF8 /* SystemPickerView.m in Sources */ = {isa = PBXBuildFile; fileRef = E68D6B731B24737000181BF8 /* SystemPickerView.m */; };
		E68D6B7F1B24737000181BF8 /* ZeroOneButton.m in Sources */ = {isa = PBXBuildFile; fileRef = E68D6B751B24737000181BF8 /* ZeroOneButton.m */; };
		E68D6B801B24737000181BF8 /* AppDelegate.m in Sources */ = {isa = PBXBuildFile; fileRef = E68D6B781B24737000181BF8 /* AppDelegate.m */; };
		E68D6B811B24737000181BF8 /* UIView+Extension.mm in Sources */ = {isa = PBXBuildFile; fileRef = E68D6B7B1B24737000181BF8 /* UIView+Extension.mm */; };
		E68D6B821B24737000181BF8 /* main.m in Sources */ = {isa = PBXBuildFile; fileRef = E68D6B7C1B24737000181BF8 /* main.m */; };
		E68D6B841B2473D300181BF8 /* Main.storyboard in Resources */ = {isa = PBXBuildFile; fileRef = E68D6B831B2473D300181BF8 /* Main.storyboard */; };
		E68D6B881B25C3C800181BF8 /* SystemConvert.m in Sources */ = {isa = PBXBuildFile; fileRef = E68D6B871B25C3C800181BF8 /* SystemConvert.m */; };
		E68D6B8A1B28072C00181BF8 /* AudioToolbox.framework in Frameworks */ = {isa = PBXBuildFile; fileRef = E68D6B891B28072C00181BF8 /* AudioToolbox.framework */; };
		E68D6B8C1B28501100181BF8 /* keyPress.wav in Resources */ = {isa = PBXBuildFile; fileRef = E68D6B8B1B28501100181BF8 /* keyPress.wav */; };
/* End PBXBuildFile section */

/* Begin PBXContainerItemProxy section */
		E68D6B5D1B24733000181BF8 /* PBXContainerItemProxy */ = {
			isa = PBXContainerItemProxy;
			containerPortal = E68D6B3B1B24733000181BF8 /* Project object */;
			proxyType = 1;
			remoteGlobalIDString = E68D6B421B24733000181BF8;
			remoteInfo = Venana;
		};
/* End PBXContainerItemProxy section */

/* Begin PBXFileReference section */
		E661FA0C1B2A92FB00ACD712 /* Default-568h@2x.png */ = {isa = PBXFileReference; lastKnownFileType = image.png; path = "Default-568h@2x.png"; sourceTree = "<group>"; };
		E661FA0D1B2A92FB00ACD712 /* Default.png */ = {isa = PBXFileReference; lastKnownFileType = image.png; path = Default.png; sourceTree = "<group>"; };
		E661FA0E1B2A92FB00ACD712 /* Default@2x.png */ = {isa = PBXFileReference; lastKnownFileType = image.png; path = "Default@2x.png"; sourceTree = "<group>"; };
		E68D6B431B24733000181BF8 /* Venana.app */ = {isa = PBXFileReference; explicitFileType = wrapper.application; includeInIndex = 0; path = Venana.app; sourceTree = BUILT_PRODUCTS_DIR; };
		E68D6B471B24733000181BF8 /* Info.plist */ = {isa = PBXFileReference; lastKnownFileType = text.plist.xml; path = Info.plist; sourceTree = "<group>"; };
		E68D6B531B24733000181BF8 /* Images.xcassets */ = {isa = PBXFileReference; lastKnownFileType = folder.assetcatalog; path = Images.xcassets; sourceTree = "<group>"; };
		E68D6B561B24733000181BF8 /* Base */ = {isa = PBXFileReference; lastKnownFileType = file.xib; name = Base; path = Base.lproj/LaunchScreen.xib; sourceTree = "<group>"; };
		E68D6B5C1B24733000181BF8 /* VenanaTests.xctest */ = {isa = PBXFileReference; explicitFileType = wrapper.cfbundle; includeInIndex = 0; path = VenanaTests.xctest; sourceTree = BUILT_PRODUCTS_DIR; };
		E68D6B611B24733000181BF8 /* Info.plist */ = {isa = PBXFileReference; lastKnownFileType = text.plist.xml; path = Info.plist; sourceTree = "<group>"; };
		E68D6B621B24733000181BF8 /* VenanaTests.m */ = {isa = PBXFileReference; lastKnownFileType = sourcecode.c.objc; path = VenanaTests.m; sourceTree = "<group>"; };
		E68D6B6F1B24737000181BF8 /* HomeViewController.h */ = {isa = PBXFileReference; fileEncoding = 4; lastKnownFileType = sourcecode.c.h; path = HomeViewController.h; sourceTree = "<group>"; };
		E68D6B701B24737000181BF8 /* HomeViewController.m */ = {isa = PBXFileReference; fileEncoding = 4; lastKnownFileType = sourcecode.c.objc; path = HomeViewController.m; sourceTree = "<group>"; };
		E68D6B721B24737000181BF8 /* SystemPickerView.h */ = {isa = PBXFileReference; fileEncoding = 4; lastKnownFileType = sourcecode.c.h; path = SystemPickerView.h; sourceTree = "<group>"; };
		E68D6B731B24737000181BF8 /* SystemPickerView.m */ = {isa = PBXFileReference; fileEncoding = 4; lastKnownFileType = sourcecode.c.objc; path = SystemPickerView.m; sourceTree = "<group>"; };
		E68D6B741B24737000181BF8 /* ZeroOneButton.h */ = {isa = PBXFileReference; fileEncoding = 4; lastKnownFileType = sourcecode.c.h; path = ZeroOneButton.h; sourceTree = "<group>"; };
		E68D6B751B24737000181BF8 /* ZeroOneButton.m */ = {isa = PBXFileReference; fileEncoding = 4; lastKnownFileType = sourcecode.c.objc; path = ZeroOneButton.m; sourceTree = "<group>"; };
		E68D6B771B24737000181BF8 /* AppDelegate.h */ = {isa = PBXFileReference; fileEncoding = 4; lastKnownFileType = sourcecode.c.h; path = AppDelegate.h; sourceTree = "<group>"; };
		E68D6B781B24737000181BF8 /* AppDelegate.m */ = {isa = PBXFileReference; fileEncoding = 4; lastKnownFileType = sourcecode.c.objc; path = AppDelegate.m; sourceTree = "<group>"; };
		E68D6B7A1B24737000181BF8 /* UIView+Extension.h */ = {isa = PBXFileReference; fileEncoding = 4; lastKnownFileType = sourcecode.c.h; path = "UIView+Extension.h"; sourceTree = "<group>"; };
		E68D6B7B1B24737000181BF8 /* UIView+Extension.mm */ = {isa = PBXFileReference; fileEncoding = 4; lastKnownFileType = sourcecode.cpp.objcpp; path = "UIView+Extension.mm"; sourceTree = "<group>"; };
		E68D6B7C1B24737000181BF8 /* main.m */ = {isa = PBXFileReference; fileEncoding = 4; lastKnownFileType = sourcecode.c.objc; path = main.m; sourceTree = "<group>"; };
		E68D6B831B2473D300181BF8 /* Main.storyboard */ = {isa = PBXFileReference; fileEncoding = 4; lastKnownFileType = file.storyboard; path = Main.storyboard; sourceTree = "<group>"; };
		E68D6B861B25C3C800181BF8 /* SystemConvert.h */ = {isa = PBXFileReference; fileEncoding = 4; lastKnownFileType = sourcecode.c.h; path = SystemConvert.h; sourceTree = "<group>"; };
		E68D6B871B25C3C800181BF8 /* SystemConvert.m */ = {isa = PBXFileReference; fileEncoding = 4; lastKnownFileType = sourcecode.c.objc; path = SystemConvert.m; sourceTree = "<group>"; };
		E68D6B891B28072C00181BF8 /* AudioToolbox.framework */ = {isa = PBXFileReference; lastKnownFileType = wrapper.framework; name = AudioToolbox.framework; path = System/Library/Frameworks/AudioToolbox.framework; sourceTree = SDKROOT; };
		E68D6B8B1B28501100181BF8 /* keyPress.wav */ = {isa = PBXFileReference; lastKnownFileType = audio.wav; path = keyPress.wav; sourceTree = "<group>"; };
/* End PBXFileReference section */

/* Begin PBXFrameworksBuildPhase section */
		E68D6B401B24733000181BF8 /* Frameworks */ = {
			isa = PBXFrameworksBuildPhase;
			buildActionMask = 2147483647;
			files = (
				E68D6B8A1B28072C00181BF8 /* AudioToolbox.framework in Frameworks */,
			);
			runOnlyForDeploymentPostprocessing = 0;
		};
		E68D6B591B24733000181BF8 /* Frameworks */ = {
			isa = PBXFrameworksBuildPhase;
			buildActionMask = 2147483647;
			files = (
			);
			runOnlyForDeploymentPostprocessing = 0;
		};
/* End PBXFrameworksBuildPhase section */

/* Begin PBXGroup section */
		E68D6B3A1B24733000181BF8 = {
			isa = PBXGroup;
			children = (
				E68D6B891B28072C00181BF8 /* AudioToolbox.framework */,
				E68D6B451B24733000181BF8 /* Venana */,
				E68D6B5F1B24733000181BF8 /* VenanaTests */,
				E68D6B441B24733000181BF8 /* Products */,
			);
			sourceTree = "<group>";
		};
		E68D6B441B24733000181BF8 /* Products */ = {
			isa = PBXGroup;
			children = (
				E68D6B431B24733000181BF8 /* Venana.app */,
				E68D6B5C1B24733000181BF8 /* VenanaTests.xctest */,
			);
			name = Products;
			sourceTree = "<group>";
		};
		E68D6B451B24733000181BF8 /* Venana */ = {
			isa = PBXGroup;
			children = (
				E68D6B6C1B24737000181BF8 /* Classes */,
				E68D6B531B24733000181BF8 /* Images.xcassets */,
				E68D6B551B24733000181BF8 /* LaunchScreen.xib */,
				E68D6B831B2473D300181BF8 /* Main.storyboard */,
				E68D6B461B24733000181BF8 /* Supporting Files */,
			);
			path = Venana;
			sourceTree = "<group>";
		};
		E68D6B461B24733000181BF8 /* Supporting Files */ = {
			isa = PBXGroup;
			children = (
				E661FA0C1B2A92FB00ACD712 /* Default-568h@2x.png */,
				E661FA0D1B2A92FB00ACD712 /* Default.png */,
				E661FA0E1B2A92FB00ACD712 /* Default@2x.png */,
				E68D6B8B1B28501100181BF8 /* keyPress.wav */,
				E68D6B471B24733000181BF8 /* Info.plist */,
			);
			name = "Supporting Files";
			sourceTree = "<group>";
		};
		E68D6B5F1B24733000181BF8 /* VenanaTests */ = {
			isa = PBXGroup;
			children = (
				E68D6B621B24733000181BF8 /* VenanaTests.m */,
				E68D6B601B24733000181BF8 /* Supporting Files */,
			);
			path = VenanaTests;
			sourceTree = "<group>";
		};
		E68D6B601B24733000181BF8 /* Supporting Files */ = {
			isa = PBXGroup;
			children = (
				E68D6B611B24733000181BF8 /* Info.plist */,
			);
			name = "Supporting Files";
			sourceTree = "<group>";
		};
		E68D6B6C1B24737000181BF8 /* Classes */ = {
			isa = PBXGroup;
			children = (
				E68D6B6D1B24737000181BF8 /* Home */,
				E68D6B761B24737000181BF8 /* Other */,
			);
			path = Classes;
			sourceTree = "<group>";
		};
		E68D6B6D1B24737000181BF8 /* Home */ = {
			isa = PBXGroup;
			children = (
				E68D6B6E1B24737000181BF8 /* Controller */,
				E68D6B711B24737000181BF8 /* View */,
			);
			path = Home;
			sourceTree = "<group>";
		};
		E68D6B6E1B24737000181BF8 /* Controller */ = {
			isa = PBXGroup;
			children = (
				E68D6B6F1B24737000181BF8 /* HomeViewController.h */,
				E68D6B701B24737000181BF8 /* HomeViewController.m */,
			);
			path = Controller;
			sourceTree = "<group>";
		};
		E68D6B711B24737000181BF8 /* View */ = {
			isa = PBXGroup;
			children = (
				E68D6B721B24737000181BF8 /* SystemPickerView.h */,
				E68D6B731B24737000181BF8 /* SystemPickerView.m */,
				E68D6B741B24737000181BF8 /* ZeroOneButton.h */,
				E68D6B751B24737000181BF8 /* ZeroOneButton.m */,
			);
			path = View;
			sourceTree = "<group>";
		};
		E68D6B761B24737000181BF8 /* Other */ = {
			isa = PBXGroup;
			children = (
				E68D6B851B25C3BE00181BF8 /* Tool */,
				E68D6B771B24737000181BF8 /* AppDelegate.h */,
				E68D6B781B24737000181BF8 /* AppDelegate.m */,
				E68D6B791B24737000181BF8 /* Category */,
				E68D6B7C1B24737000181BF8 /* main.m */,
			);
			path = Other;
			sourceTree = "<group>";
		};
		E68D6B791B24737000181BF8 /* Category */ = {
			isa = PBXGroup;
			children = (
				E68D6B7A1B24737000181BF8 /* UIView+Extension.h */,
				E68D6B7B1B24737000181BF8 /* UIView+Extension.mm */,
			);
			path = Category;
			sourceTree = "<group>";
		};
		E68D6B851B25C3BE00181BF8 /* Tool */ = {
			isa = PBXGroup;
			children = (
				E68D6B861B25C3C800181BF8 /* SystemConvert.h */,
				E68D6B871B25C3C800181BF8 /* SystemConvert.m */,
			);
			path = Tool;
			sourceTree = "<group>";
		};
/* End PBXGroup section */

/* Begin PBXNativeTarget section */
		E68D6B421B24733000181BF8 /* Venana */ = {
			isa = PBXNativeTarget;
			buildConfigurationList = E68D6B661B24733000181BF8 /* Build configuration list for PBXNativeTarget "Venana" */;
			buildPhases = (
				E68D6B3F1B24733000181BF8 /* Sources */,
				E68D6B401B24733000181BF8 /* Frameworks */,
				E68D6B411B24733000181BF8 /* Resources */,
			);
			buildRules = (
			);
			dependencies = (
			);
			name = Venana;
			productName = Venana;
			productReference = E68D6B431B24733000181BF8 /* Venana.app */;
			productType = "com.apple.product-type.application";
		};
		E68D6B5B1B24733000181BF8 /* VenanaTests */ = {
			isa = PBXNativeTarget;
			buildConfigurationList = E68D6B691B24733000181BF8 /* Build configuration list for PBXNativeTarget "VenanaTests" */;
			buildPhases = (
				E68D6B581B24733000181BF8 /* Sources */,
				E68D6B591B24733000181BF8 /* Frameworks */,
				E68D6B5A1B24733000181BF8 /* Resources */,
			);
			buildRules = (
			);
			dependencies = (
				E68D6B5E1B24733000181BF8 /* PBXTargetDependency */,
			);
			name = VenanaTests;
			productName = VenanaTests;
			productReference = E68D6B5C1B24733000181BF8 /* VenanaTests.xctest */;
			productType = "com.apple.product-type.bundle.unit-test";
		};
/* End PBXNativeTarget section */

/* Begin PBXProject section */
		E68D6B3B1B24733000181BF8 /* Project object */ = {
			isa = PBXProject;
			attributes = {
				LastUpgradeCheck = 0630;
				ORGANIZATIONNAME = Eastblue;
				TargetAttributes = {
					E68D6B421B24733000181BF8 = {
						CreatedOnToolsVersion = 6.3.1;
						DevelopmentTeam = CP88FZGD22;
					};
					E68D6B5B1B24733000181BF8 = {
						CreatedOnToolsVersion = 6.3.1;
						TestTargetID = E68D6B421B24733000181BF8;
					};
				};
			};
			buildConfigurationList = E68D6B3E1B24733000181BF8 /* Build configuration list for PBXProject "Venana" */;
			compatibilityVersion = "Xcode 3.2";
			developmentRegion = English;
			hasScannedForEncodings = 0;
			knownRegions = (
				en,
				Base,
			);
			mainGroup = E68D6B3A1B24733000181BF8;
			productRefGroup = E68D6B441B24733000181BF8 /* Products */;
			projectDirPath = "";
			projectRoot = "";
			targets = (
				E68D6B421B24733000181BF8 /* Venana */,
				E68D6B5B1B24733000181BF8 /* VenanaTests */,
			);
		};
/* End PBXProject section */

/* Begin PBXResourcesBuildPhase section */
		E68D6B411B24733000181BF8 /* Resources */ = {
			isa = PBXResourcesBuildPhase;
			buildActionMask = 2147483647;
			files = (
				E68D6B841B2473D300181BF8 /* Main.storyboard in Resources */,
				E661FA101B2A92FB00ACD712 /* Default.png in Resources */,
				E68D6B571B24733000181BF8 /* LaunchScreen.xib in Resources */,
				E68D6B8C1B28501100181BF8 /* keyPress.wav in Resources */,
				E661FA0F1B2A92FB00ACD712 /* Default-568h@2x.png in Resources */,
				E661FA111B2A92FB00ACD712 /* Default@2x.png in Resources */,
				E68D6B541B24733000181BF8 /* Images.xcassets in Resources */,
			);
			runOnlyForDeploymentPostprocessing = 0;
		};
		E68D6B5A1B24733000181BF8 /* Resources */ = {
			isa = PBXResourcesBuildPhase;
			buildActionMask = 2147483647;
			files = (
			);
			runOnlyForDeploymentPostprocessing = 0;
		};
/* End PBXResourcesBuildPhase section */

/* Begin PBXSourcesBuildPhase section */
		E68D6B3F1B24733000181BF8 /* Sources */ = {
			isa = PBXSourcesBuildPhase;
			buildActionMask = 2147483647;
			files = (
				E68D6B801B24737000181BF8 /* AppDelegate.m in Sources */,
				E68D6B7F1B24737000181BF8 /* ZeroOneButton.m in Sources */,
				E68D6B811B24737000181BF8 /* UIView+Extension.mm in Sources */,
				E68D6B7D1B24737000181BF8 /* HomeViewController.m in Sources */,
				E68D6B821B24737000181BF8 /* main.m in Sources */,
				E68D6B881B25C3C800181BF8 /* SystemConvert.m in Sources */,
				E68D6B7E1B24737000181BF8 /* SystemPickerView.m in Sources */,
			);
			runOnlyForDeploymentPostprocessing = 0;
		};
		E68D6B581B24733000181BF8 /* Sources */ = {
			isa = PBXSourcesBuildPhase;
			buildActionMask = 2147483647;
			files = (
				E68D6B631B24733000181BF8 /* VenanaTests.m in Sources */,
			);
			runOnlyForDeploymentPostprocessing = 0;
		};
/* End PBXSourcesBuildPhase section */

/* Begin PBXTargetDependency section */
		E68D6B5E1B24733000181BF8 /* PBXTargetDependency */ = {
			isa = PBXTargetDependency;
			target = E68D6B421B24733000181BF8 /* Venana */;
			targetProxy = E68D6B5D1B24733000181BF8 /* PBXContainerItemProxy */;
		};
/* End PBXTargetDependency section */

/* Begin PBXVariantGroup section */
		E68D6B551B24733000181BF8 /* LaunchScreen.xib */ = {
			isa = PBXVariantGroup;
			children = (
				E68D6B561B24733000181BF8 /* Base */,
			);
			name = LaunchScreen.xib;
			sourceTree = "<group>";
		};
/* End PBXVariantGroup section */

/* Begin XCBuildConfiguration section */
		E68D6B641B24733000181BF8 /* Debug */ = {
			isa = XCBuildConfiguration;
			buildSettings = {
				ALWAYS_SEARCH_USER_PATHS = NO;
				CLANG_CXX_LANGUAGE_STANDARD = "gnu++0x";
				CLANG_CXX_LIBRARY = "libc++";
				CLANG_ENABLE_MODULES = YES;
				CLANG_ENABLE_OBJC_ARC = YES;
				CLANG_WARN_BOOL_CONVERSION = YES;
				CLANG_WARN_CONSTANT_CONVERSION = YES;
				CLANG_WARN_DIRECT_OBJC_ISA_USAGE = YES_ERROR;
				CLANG_WARN_EMPTY_BODY = YES;
				CLANG_WARN_ENUM_CONVERSION = YES;
				CLANG_WARN_INT_CONVERSION = YES;
				CLANG_WARN_OBJC_ROOT_CLASS = YES_ERROR;
				CLANG_WARN_UNREACHABLE_CODE = YES;
				CLANG_WARN__DUPLICATE_METHOD_MATCH = YES;
				"CODE_SIGN_IDENTITY[sdk=iphoneos*]" = "iPhone Developer";
				COPY_PHASE_STRIP = NO;
				DEBUG_INFORMATION_FORMAT = "dwarf-with-dsym";
				ENABLE_STRICT_OBJC_MSGSEND = YES;
				GCC_C_LANGUAGE_STANDARD = gnu99;
				GCC_DYNAMIC_NO_PIC = NO;
				GCC_NO_COMMON_BLOCKS = YES;
				GCC_OPTIMIZATION_LEVEL = 0;
				GCC_PREPROCESSOR_DEFINITIONS = (
					"DEBUG=1",
					"$(inherited)",
				);
				GCC_SYMBOLS_PRIVATE_EXTERN = NO;
				GCC_WARN_64_TO_32_BIT_CONVERSION = YES;
				GCC_WARN_ABOUT_RETURN_TYPE = YES_ERROR;
				GCC_WARN_UNDECLARED_SELECTOR = YES;
				GCC_WARN_UNINITIALIZED_AUTOS = YES_AGGRESSIVE;
				GCC_WARN_UNUSED_FUNCTION = YES;
				GCC_WARN_UNUSED_VARIABLE = YES;
				IPHONEOS_DEPLOYMENT_TARGET = 8.3;
				MTL_ENABLE_DEBUG_INFO = YES;
				ONLY_ACTIVE_ARCH = YES;
				SDKROOT = iphoneos;
			};
			name = Debug;
		};
		E68D6B651B24733000181BF8 /* Release */ = {
			isa = XCBuildConfiguration;
			buildSettings = {
				ALWAYS_SEARCH_USER_PATHS = NO;
				CLANG_CXX_LANGUAGE_STANDARD = "gnu++0x";
				CLANG_CXX_LIBRARY = "libc++";
				CLANG_ENABLE_MODULES = YES;
				CLANG_ENABLE_OBJC_ARC = YES;
				CLANG_WARN_BOOL_CONVERSION = YES;
				CLANG_WARN_CONSTANT_CONVERSION = YES;
				CLANG_WARN_DIRECT_OBJC_ISA_USAGE = YES_ERROR;
				CLANG_WARN_EMPTY_BODY = YES;
				CLANG_WARN_ENUM_CONVERSION = YES;
				CLANG_WARN_INT_CONVERSION = YES;
				CLANG_WARN_OBJC_ROOT_CLASS = YES_ERROR;
				CLANG_WARN_UNREACHABLE_CODE = YES;
				CLANG_WARN__DUPLICATE_METHOD_MATCH = YES;
				"CODE_SIGN_IDENTITY[sdk=iphoneos*]" = "iPhone Developer";
				COPY_PHASE_STRIP = NO;
				DEBUG_INFORMATION_FORMAT = "dwarf-with-dsym";
				ENABLE_NS_ASSERTIONS = NO;
				ENABLE_STRICT_OBJC_MSGSEND = YES;
				GCC_C_LANGUAGE_STANDARD = gnu99;
				GCC_NO_COMMON_BLOCKS = YES;
				GCC_WARN_64_TO_32_BIT_CONVERSION = YES;
				GCC_WARN_ABOUT_RETURN_TYPE = YES_ERROR;
				GCC_WARN_UNDECLARED_SELECTOR = YES;
				GCC_WARN_UNINITIALIZED_AUTOS = YES_AGGRESSIVE;
				GCC_WARN_UNUSED_FUNCTION = YES;
				GCC_WARN_UNUSED_VARIABLE = YES;
				IPHONEOS_DEPLOYMENT_TARGET = 8.3;
				MTL_ENABLE_DEBUG_INFO = NO;
				SDKROOT = iphoneos;
				VALIDATE_PRODUCT = YES;
			};
			name = Release;
		};
		E68D6B671B24733000181BF8 /* Debug */ = {
			isa = XCBuildConfiguration;
			buildSettings = {
				ASSETCATALOG_COMPILER_APPICON_NAME = AppIcon;
				CODE_SIGN_IDENTITY = "iPhone Developer";
				"CODE_SIGN_IDENTITY[sdk=iphoneos*]" = "iPhone Developer";
				INFOPLIST_FILE = Venana/Info.plist;
				IPHONEOS_DEPLOYMENT_TARGET = 7.1;
				LD_RUNPATH_SEARCH_PATHS = "$(inherited) @executable_path/Frameworks";
				PRODUCT_NAME = "$(TARGET_NAME)";
				PROVISIONING_PROFILE = "";
			};
			name = Debug;
		};
		E68D6B681B24733000181BF8 /* Release */ = {
			isa = XCBuildConfiguration;
			buildSettings = {
				ASSETCATALOG_COMPILER_APPICON_NAME = AppIcon;
				CODE_SIGN_IDENTITY = "iPhone Developer";
				"CODE_SIGN_IDENTITY[sdk=iphoneos*]" = "iPhone Developer";
				INFOPLIST_FILE = Venana/Info.plist;
				IPHONEOS_DEPLOYMENT_TARGET = 7.1;
				LD_RUNPATH_SEARCH_PATHS = "$(inherited) @executable_path/Frameworks";
				PRODUCT_NAME = "$(TARGET_NAME)";
				PROVISIONING_PROFILE = "";
			};
			name = Release;
		};
		E68D6B6A1B24733000181BF8 /* Debug */ = {
			isa = XCBuildConfiguration;
			buildSettings = {
				BUNDLE_LOADER = "$(TEST_HOST)";
				FRAMEWORK_SEARCH_PATHS = (
					"$(SDKROOT)/Developer/Library/Frameworks",
					"$(inherited)",
				);
				GCC_PREPROCESSOR_DEFINITIONS = (
					"DEBUG=1",
					"$(inherited)",
				);
				INFOPLIST_FILE = VenanaTests/Info.plist;
				LD_RUNPATH_SEARCH_PATHS = "$(inherited) @executable_path/Frameworks @loader_path/Frameworks";
				PRODUCT_NAME = "$(TARGET_NAME)";
				TEST_HOST = "$(BUILT_PRODUCTS_DIR)/Venana.app/Venana";
			};
			name = Debug;
		};
		E68D6B6B1B24733000181BF8 /* Release */ = {
			isa = XCBuildConfiguration;
			buildSettings = {
				BUNDLE_LOADER = "$(TEST_HOST)";
				FRAMEWORK_SEARCH_PATHS = (
					"$(SDKROOT)/Developer/Library/Frameworks",
					"$(inherited)",
				);
				INFOPLIST_FILE = VenanaTests/Info.plist;
				LD_RUNPATH_SEARCH_PATHS = "$(inherited) @executable_path/Frameworks @loader_path/Frameworks";
				PRODUCT_NAME = "$(TARGET_NAME)";
				TEST_HOST = "$(BUILT_PRODUCTS_DIR)/Venana.app/Venana";
			};
			name = Release;
		};
/* End XCBuildConfiguration section */

/* Begin XCConfigurationList section */
		E68D6B3E1B24733000181BF8 /* Build configuration list for PBXProject "Venana" */ = {
			isa = XCConfigurationList;
			buildConfigurations = (
				E68D6B641B24733000181BF8 /* Debug */,
				E68D6B651B24733000181BF8 /* Release */,
			);
			defaultConfigurationIsVisible = 0;
			defaultConfigurationName = Release;
		};
		E68D6B661B24733000181BF8 /* Build configuration list for PBXNativeTarget "Venana" */ = {
			isa = XCConfigurationList;
			buildConfigurations = (
				E68D6B671B24733000181BF8 /* Debug */,
				E68D6B681B24733000181BF8 /* Release */,
			);
			defaultConfigurationIsVisible = 0;
			defaultConfigurationName = Release;
		};
		E68D6B691B24733000181BF8 /* Build configuration list for PBXNativeTarget "VenanaTests" */ = {
			isa = XCConfigurationList;
			buildConfigurations = (
				E68D6B6A1B24733000181BF8 /* Debug */,
				E68D6B6B1B24733000181BF8 /* Release */,
			);
			defaultConfigurationIsVisible = 0;
			defaultConfigurationName = Release;
		};
/* End XCConfigurationList section */
	};
	rootObject = E68D6B3B1B24733000181BF8 /* Project object */;
}
